
Microsoft Visual Studio Solution File, Format Version 12.00
# Visual Studio Version 17
VisualStudioVersion = 17.12.35707.178
MinimumVisualStudioVersion = 10.0.40219.1
Project("{FAE04EC0-301F-11D3-BF4B-00C04F79EFBC}") = "GoogleMapsAutomation", "TestProject1\GoogleMapsAutomation.csproj", "{50BC7496-3921-4384-8118-CAB7C1A3F29A}"
EndProject
Global
	GlobalSection(SolutionConfigurationPlatforms) = preSolution
		Debug|Any CPU = Debug|Any CPU
		Release|Any CPU = Release|Any CPU
	EndGlobalSection
	GlobalSection(ProjectConfigurationPlatforms) = postSolution
		{50BC7496-3921-4384-8118-CAB7C1A3F29A}.Debug|Any CPU.ActiveCfg = Debug|Any CPU
		{50BC7496-3921-4384-8118-CAB7C1A3F29A}.Debug|Any CPU.Build.0 = Debug|Any CPU
		{50BC7496-3921-4384-8118-CAB7C1A3F29A}.Release|Any CPU.ActiveCfg = Release|Any CPU
		{50BC7496-3921-4384-8118-CAB7C1A3F29A}.Release|Any CPU.Build.0 = Release|Any CPU
	EndGlobalSection
	GlobalSection(SolutionProperties) = preSolution
		HideSolutionNode = FALSE
	EndGlobalSection
EndGlobal
